
Microsoft Visual Studio Solution File, Format Version 12.00
# Visual Studio 15
Project("{FAE04EC0-301F-11D3-BF4B-00C04F79EFBC}") = "Oculus.Platform", "Oculus.Platform.csproj", "{DC21EF6E-3A39-6FAB-EE79-E21B34A47BE5}"
EndProject
Project("{FAE04EC0-301F-11D3-BF4B-00C04F79EFBC}") = "Assembly-CSharp", "Assembly-CSharp.csproj", "{0675CD84-F0A1-5185-D622-17ADF3C8B599}"
EndProject
Project("{FAE04EC0-301F-11D3-BF4B-00C04F79EFBC}") = "Oculus.Spatializer", "Oculus.Spatializer.csproj", "{C84A11AA-8FCC-7ED6-F7CB-6F310112CDE9}"
EndProject
Project("{FAE04EC0-301F-11D3-BF4B-00C04F79EFBC}") = "Oculus.Interaction", "Oculus.Interaction.csproj", "{71563291-AD51-3218-0E77-B0945F75782B}"
EndProject
Project("{FAE04EC0-301F-11D3-BF4B-00C04F79EFBC}") = "PhotonUnityNetworking.Demos", "PhotonUnityNetworking.Demos.csproj", "{12990C62-2D31-8565-13EB-324F8012A0CF}"
EndProject
Project("{FAE04EC0-301F-11D3-BF4B-00C04F79EFBC}") = "Oculus.VR", "Oculus.VR.csproj", "{A1DEBD77-8F6A-D2E7-5E85-6AFC0576E6E8}"
EndProject
Project("{FAE04EC0-301F-11D3-BF4B-00C04F79EFBC}") = "Oculus.Interaction.Samples", "Oculus.Interaction.Samples.csproj", "{6DB72976-93C9-C9B2-ED38-C4F4072EC3E5}"
EndProject
Project("{FAE04EC0-301F-11D3-BF4B-00C04F79EFBC}") = "Facebook.WitAI", "Facebook.WitAI.csproj", "{040EA941-4434-8793-3709-0C5ABC8EFF19}"
EndProject
Project("{FAE04EC0-301F-11D3-BF4B-00C04F79EFBC}") = "PhotonRealtime", "PhotonRealtime.csproj", "{95A0E751-A6DB-6D1B-AA82-3BEC5A279A94}"
EndProject
Project("{FAE04EC0-301F-11D3-BF4B-00C04F79EFBC}") = "Oculus.AudioManager", "Oculus.AudioManager.csproj", "{82E58EAE-ED38-E0AA-9614-D3B625F1AD09}"
EndProject
Project("{FAE04EC0-301F-11D3-BF4B-00C04F79EFBC}") = "PhotonUnityNetworking", "PhotonUnityNetworking.csproj", "{957CB4E4-0309-5932-7761-54C8705BEE96}"
EndProject
Project("{FAE04EC0-301F-11D3-BF4B-00C04F79EFBC}") = "VoiceSDK.Runtime", "VoiceSDK.Runtime.csproj", "{3C6874A1-EEE2-8195-EE75-E1F0A82259D5}"
EndProject
Project("{FAE04EC0-301F-11D3-BF4B-00C04F79EFBC}") = "PhotonUnityNetworking.Utilities", "PhotonUnityNetworking.Utilities.csproj", "{08813C18-D217-F3DD-FB3A-C3BE5FE8EC0B}"
EndProject
Project("{FAE04EC0-301F-11D3-BF4B-00C04F79EFBC}") = "Oculus.Voice.Demo", "Oculus.Voice.Demo.csproj", "{1C136762-0338-3ADE-6455-2823CE7E442B}"
EndProject
Project("{FAE04EC0-301F-11D3-BF4B-00C04F79EFBC}") = "AssistantCoreSDKRuntime", "AssistantCoreSDKRuntime.csproj", "{4F0118C0-2D56-9CF5-BB5C-C9B0DAD61C5F}"
EndProject
Project("{FAE04EC0-301F-11D3-BF4B-00C04F79EFBC}") = "Oculus.LipSync", "Oculus.LipSync.csproj", "{3A168AD8-17C8-0DCD-1E0F-920540373760}"
EndProject
Project("{FAE04EC0-301F-11D3-BF4B-00C04F79EFBC}") = "PhotonChat", "PhotonChat.csproj", "{42257DC5-7294-090B-0951-BCB8C4D881EF}"
EndProject
Project("{FAE04EC0-301F-11D3-BF4B-00C04F79EFBC}") = "PhotonUnityNetworking.Editor", "PhotonUnityNetworking.Editor.csproj", "{23975DD1-B96C-13DD-06F2-D0D366F9182C}"
EndProject
Project("{FAE04EC0-301F-11D3-BF4B-00C04F79EFBC}") = "Oculus.Spatializer.Editor", "Oculus.Spatializer.Editor.csproj", "{27DF3BDC-72AA-4EB2-A3E6-2B81D387D10F}"
EndProject
Project("{FAE04EC0-301F-11D3-BF4B-00C04F79EFBC}") = "Oculus.Interaction.Editor", "Oculus.Interaction.Editor.csproj", "{68E76E8C-04AE-8943-C3B7-3E8F75082153}"
EndProject
Project("{FAE04EC0-301F-11D3-BF4B-00C04F79EFBC}") = "Facebook.Wit.Editor", "Facebook.Wit.Editor.csproj", "{C6B92F5E-B3C8-E499-D2D1-F772AD7F1EC8}"
EndProject
Project("{FAE04EC0-301F-11D3-BF4B-00C04F79EFBC}") = "Assembly-CSharp-Editor", "Assembly-CSharp-Editor.csproj", "{B5EF774B-0B62-6156-15FB-7D843286C449}"
EndProject
Project("{FAE04EC0-301F-11D3-BF4B-00C04F79EFBC}") = "Oculus.VR.Editor", "Oculus.VR.Editor.csproj", "{AA74FCE2-9001-B1F8-57A8-B94EA39731DF}"
EndProject
Project("{FAE04EC0-301F-11D3-BF4B-00C04F79EFBC}") = "VoiceSDK.Editor", "VoiceSDK.Editor.csproj", "{293AF2B7-3829-B9E6-C753-8BDB10B2C657}"
EndProject
Project("{FAE04EC0-301F-11D3-BF4B-00C04F79EFBC}") = "PhotonUnityNetworking.Utilities.PhotonPlayer.Editor", "PhotonUnityNetworking.Utilities.PhotonPlayer.Editor.csproj", "{51270D16-4CB5-5913-996A-36349B09EEC0}"
EndProject
Project("{FAE04EC0-301F-11D3-BF4B-00C04F79EFBC}") = "Oculus.Platform.Editor", "Oculus.Platform.Editor.csproj", "{81A0E71A-044A-61FB-B5B6-42E70C3C2615}"
EndProject
Project("{FAE04EC0-301F-11D3-BF4B-00C04F79EFBC}") = "PunDemos.DemoSlotcarEditor", "PunDemos.DemoSlotcarEditor.csproj", "{1C0A023D-7CAE-735B-E7AF-040ED3CD1CF4}"
EndProject
Project("{FAE04EC0-301F-11D3-BF4B-00C04F79EFBC}") = "Oculus.AudioManager.Audio.Editor", "Oculus.AudioManager.Audio.Editor.csproj", "{A8343549-47C7-0EBC-0A23-F80A01D13A22}"
EndProject
Project("{FAE04EC0-301F-11D3-BF4B-00C04F79EFBC}") = "Oculus.Interaction.InterfaceSupport", "Oculus.Interaction.InterfaceSupport.csproj", "{39D4DAD4-FD8B-23D9-8FAC-D5558E44005E}"
EndProject
Project("{FAE04EC0-301F-11D3-BF4B-00C04F79EFBC}") = "Oculus.VR.Scripts.Editor", "Oculus.VR.Scripts.Editor.csproj", "{13C9C07B-B349-F06A-2D89-88E66FE26530}"
EndProject
Project("{FAE04EC0-301F-11D3-BF4B-00C04F79EFBC}") = "Oculus.LipSync.Editor", "Oculus.LipSync.Editor.csproj", "{32758185-CBBC-8D21-C79C-F7F423C8F0AC}"
EndProject
Project("{FAE04EC0-301F-11D3-BF4B-00C04F79EFBC}") = "PhotonUnityNetworking.Utilities.Culling.Editor", "PhotonUnityNetworking.Utilities.Culling.Editor.csproj", "{B8C2C4E8-72E4-38CF-FDAB-C4B48B209B00}"
EndProject
Project("{FAE04EC0-301F-11D3-BF4B-00C04F79EFBC}") = "PunDemos.DemoHubEditor", "PunDemos.DemoHubEditor.csproj", "{52A1E5D8-DBC3-79EB-E442-C5D2F89C9C23}"
EndProject
Project("{FAE04EC0-301F-11D3-BF4B-00C04F79EFBC}") = "AssistantCoreSDKEditor", "AssistantCoreSDKEditor.csproj", "{96B27ACD-F87C-EA30-30E1-7CA0343CBBDC}"
EndProject
Project("{FAE04EC0-301F-11D3-BF4B-00C04F79EFBC}") = "Oculus.AudioManager.Utils.Editor", "Oculus.AudioManager.Utils.Editor.csproj", "{FCF21DDA-E9C1-DFB6-C749-AAB7354243D0}"
EndProject
Global
	GlobalSection(SolutionConfigurationPlatforms) = preSolution
		Debug|Any CPU = Debug|Any CPU
		Release|Any CPU = Release|Any CPU
	EndGlobalSection
	GlobalSection(ProjectConfigurationPlatforms) = postSolution
		{DC21EF6E-3A39-6FAB-EE79-E21B34A47BE5}.Debug|Any CPU.ActiveCfg = Debug|Any CPU
		{DC21EF6E-3A39-6FAB-EE79-E21B34A47BE5}.Debug|Any CPU.Build.0 = Debug|Any CPU
		{DC21EF6E-3A39-6FAB-EE79-E21B34A47BE5}.Release|Any CPU.ActiveCfg = Release|Any CPU
		{DC21EF6E-3A39-6FAB-EE79-E21B34A47BE5}.Release|Any CPU.Build.0 = Release|Any CPU
		{0675CD84-F0A1-5185-D622-17ADF3C8B599}.Debug|Any CPU.ActiveCfg = Debug|Any CPU
		{0675CD84-F0A1-5185-D622-17ADF3C8B599}.Debug|Any CPU.Build.0 = Debug|Any CPU
		{0675CD84-F0A1-5185-D622-17ADF3C8B599}.Release|Any CPU.ActiveCfg = Release|Any CPU
		{0675CD84-F0A1-5185-D622-17ADF3C8B599}.Release|Any CPU.Build.0 = Release|Any CPU
		{C84A11AA-8FCC-7ED6-F7CB-6F310112CDE9}.Debug|Any CPU.ActiveCfg = Debug|Any CPU
		{C84A11AA-8FCC-7ED6-F7CB-6F310112CDE9}.Debug|Any CPU.Build.0 = Debug|Any CPU
		{C84A11AA-8FCC-7ED6-F7CB-6F310112CDE9}.Release|Any CPU.ActiveCfg = Release|Any CPU
		{C84A11AA-8FCC-7ED6-F7CB-6F310112CDE9}.Release|Any CPU.Build.0 = Release|Any CPU
		{71563291-AD51-3218-0E77-B0945F75782B}.Debug|Any CPU.ActiveCfg = Debug|Any CPU
		{71563291-AD51-3218-0E77-B0945F75782B}.Debug|Any CPU.Build.0 = Debug|Any CPU
		{71563291-AD51-3218-0E77-B0945F75782B}.Release|Any CPU.ActiveCfg = Release|Any CPU
		{71563291-AD51-3218-0E77-B0945F75782B}.Release|Any CPU.Build.0 = Release|Any CPU
		{12990C62-2D31-8565-13EB-324F8012A0CF}.Debug|Any CPU.ActiveCfg = Debug|Any CPU
		{12990C62-2D31-8565-13EB-324F8012A0CF}.Debug|Any CPU.Build.0 = Debug|Any CPU
		{12990C62-2D31-8565-13EB-324F8012A0CF}.Release|Any CPU.ActiveCfg = Release|Any CPU
		{12990C62-2D31-8565-13EB-324F8012A0CF}.Release|Any CPU.Build.0 = Release|Any CPU
		{A1DEBD77-8F6A-D2E7-5E85-6AFC0576E6E8}.Debug|Any CPU.ActiveCfg = Debug|Any CPU
		{A1DEBD77-8F6A-D2E7-5E85-6AFC0576E6E8}.Debug|Any CPU.Build.0 = Debug|Any CPU
		{A1DEBD77-8F6A-D2E7-5E85-6AFC0576E6E8}.Release|Any CPU.ActiveCfg = Release|Any CPU
		{A1DEBD77-8F6A-D2E7-5E85-6AFC0576E6E8}.Release|Any CPU.Build.0 = Release|Any CPU
		{6DB72976-93C9-C9B2-ED38-C4F4072EC3E5}.Debug|Any CPU.ActiveCfg = Debug|Any CPU
		{6DB72976-93C9-C9B2-ED38-C4F4072EC3E5}.Debug|Any CPU.Build.0 = Debug|Any CPU
		{6DB72976-93C9-C9B2-ED38-C4F4072EC3E5}.Release|Any CPU.ActiveCfg = Release|Any CPU
		{6DB72976-93C9-C9B2-ED38-C4F4072EC3E5}.Release|Any CPU.Build.0 = Release|Any CPU
		{040EA941-4434-8793-3709-0C5ABC8EFF19}.Debug|Any CPU.ActiveCfg = Debug|Any CPU
		{040EA941-4434-8793-3709-0C5ABC8EFF19}.Debug|Any CPU.Build.0 = Debug|Any CPU
		{040EA941-4434-8793-3709-0C5ABC8EFF19}.Release|Any CPU.ActiveCfg = Release|Any CPU
		{040EA941-4434-8793-3709-0C5ABC8EFF19}.Release|Any CPU.Build.0 = Release|Any CPU
		{95A0E751-A6DB-6D1B-AA82-3BEC5A279A94}.Debug|Any CPU.ActiveCfg = Debug|Any CPU
		{95A0E751-A6DB-6D1B-AA82-3BEC5A279A94}.Debug|Any CPU.Build.0 = Debug|Any CPU
		{95A0E751-A6DB-6D1B-AA82-3BEC5A279A94}.Release|Any CPU.ActiveCfg = Release|Any CPU
		{95A0E751-A6DB-6D1B-AA82-3BEC5A279A94}.Release|Any CPU.Build.0 = Release|Any CPU
		{82E58EAE-ED38-E0AA-9614-D3B625F1AD09}.Debug|Any CPU.ActiveCfg = Debug|Any CPU
		{82E58EAE-ED38-E0AA-9614-D3B625F1AD09}.Debug|Any CPU.Build.0 = Debug|Any CPU
		{82E58EAE-ED38-E0AA-9614-D3B625F1AD09}.Release|Any CPU.ActiveCfg = Release|Any CPU
		{82E58EAE-ED38-E0AA-9614-D3B625F1AD09}.Release|Any CPU.Build.0 = Release|Any CPU
		{957CB4E4-0309-5932-7761-54C8705BEE96}.Debug|Any CPU.ActiveCfg = Debug|Any CPU
		{957CB4E4-0309-5932-7761-54C8705BEE96}.Debug|Any CPU.Build.0 = Debug|Any CPU
		{957CB4E4-0309-5932-7761-54C8705BEE96}.Release|Any CPU.ActiveCfg = Release|Any CPU
		{957CB4E4-0309-5932-7761-54C8705BEE96}.Release|Any CPU.Build.0 = Release|Any CPU
		{3C6874A1-EEE2-8195-EE75-E1F0A82259D5}.Debug|Any CPU.ActiveCfg = Debug|Any CPU
		{3C6874A1-EEE2-8195-EE75-E1F0A82259D5}.Debug|Any CPU.Build.0 = Debug|Any CPU
		{3C6874A1-EEE2-8195-EE75-E1F0A82259D5}.Release|Any CPU.ActiveCfg = Release|Any CPU
		{3C6874A1-EEE2-8195-EE75-E1F0A82259D5}.Release|Any CPU.Build.0 = Release|Any CPU
		{08813C18-D217-F3DD-FB3A-C3BE5FE8EC0B}.Debug|Any CPU.ActiveCfg = Debug|Any CPU
		{08813C18-D217-F3DD-FB3A-C3BE5FE8EC0B}.Debug|Any CPU.Build.0 = Debug|Any CPU
		{08813C18-D217-F3DD-FB3A-C3BE5FE8EC0B}.Release|Any CPU.ActiveCfg = Release|Any CPU
		{08813C18-D217-F3DD-FB3A-C3BE5FE8EC0B}.Release|Any CPU.Build.0 = Release|Any CPU
		{1C136762-0338-3ADE-6455-2823CE7E442B}.Debug|Any CPU.ActiveCfg = Debug|Any CPU
		{1C136762-0338-3ADE-6455-2823CE7E442B}.Debug|Any CPU.Build.0 = Debug|Any CPU
		{1C136762-0338-3ADE-6455-2823CE7E442B}.Release|Any CPU.ActiveCfg = Release|Any CPU
		{1C136762-0338-3ADE-6455-2823CE7E442B}.Release|Any CPU.Build.0 = Release|Any CPU
		{4F0118C0-2D56-9CF5-BB5C-C9B0DAD61C5F}.Debug|Any CPU.ActiveCfg = Debug|Any CPU
		{4F0118C0-2D56-9CF5-BB5C-C9B0DAD61C5F}.Debug|Any CPU.Build.0 = Debug|Any CPU
		{4F0118C0-2D56-9CF5-BB5C-C9B0DAD61C5F}.Release|Any CPU.ActiveCfg = Release|Any CPU
		{4F0118C0-2D56-9CF5-BB5C-C9B0DAD61C5F}.Release|Any CPU.Build.0 = Release|Any CPU
		{3A168AD8-17C8-0DCD-1E0F-920540373760}.Debug|Any CPU.ActiveCfg = Debug|Any CPU
		{3A168AD8-17C8-0DCD-1E0F-920540373760}.Debug|Any CPU.Build.0 = Debug|Any CPU
		{3A168AD8-17C8-0DCD-1E0F-920540373760}.Release|Any CPU.ActiveCfg = Release|Any CPU
		{3A168AD8-17C8-0DCD-1E0F-920540373760}.Release|Any CPU.Build.0 = Release|Any CPU
		{42257DC5-7294-090B-0951-BCB8C4D881EF}.Debug|Any CPU.ActiveCfg = Debug|Any CPU
		{42257DC5-7294-090B-0951-BCB8C4D881EF}.Debug|Any CPU.Build.0 = Debug|Any CPU
		{42257DC5-7294-090B-0951-BCB8C4D881EF}.Release|Any CPU.ActiveCfg = Release|Any CPU
		{42257DC5-7294-090B-0951-BCB8C4D881EF}.Release|Any CPU.Build.0 = Release|Any CPU
		{23975DD1-B96C-13DD-06F2-D0D366F9182C}.Debug|Any CPU.ActiveCfg = Debug|Any CPU
		{23975DD1-B96C-13DD-06F2-D0D366F9182C}.Debug|Any CPU.Build.0 = Debug|Any CPU
		{23975DD1-B96C-13DD-06F2-D0D366F9182C}.Release|Any CPU.ActiveCfg = Release|Any CPU
		{23975DD1-B96C-13DD-06F2-D0D366F9182C}.Release|Any CPU.Build.0 = Release|Any CPU
		{27DF3BDC-72AA-4EB2-A3E6-2B81D387D10F}.Debug|Any CPU.ActiveCfg = Debug|Any CPU
		{27DF3BDC-72AA-4EB2-A3E6-2B81D387D10F}.Debug|Any CPU.Build.0 = Debug|Any CPU
		{27DF3BDC-72AA-4EB2-A3E6-2B81D387D10F}.Release|Any CPU.ActiveCfg = Release|Any CPU
		{27DF3BDC-72AA-4EB2-A3E6-2B81D387D10F}.Release|Any CPU.Build.0 = Release|Any CPU
		{68E76E8C-04AE-8943-C3B7-3E8F75082153}.Debug|Any CPU.ActiveCfg = Debug|Any CPU
		{68E76E8C-04AE-8943-C3B7-3E8F75082153}.Debug|Any CPU.Build.0 = Debug|Any CPU
		{68E76E8C-04AE-8943-C3B7-3E8F75082153}.Release|Any CPU.ActiveCfg = Release|Any CPU
		{68E76E8C-04AE-8943-C3B7-3E8F75082153}.Release|Any CPU.Build.0 = Release|Any CPU
		{C6B92F5E-B3C8-E499-D2D1-F772AD7F1EC8}.Debug|Any CPU.ActiveCfg = Debug|Any CPU
		{C6B92F5E-B3C8-E499-D2D1-F772AD7F1EC8}.Debug|Any CPU.Build.0 = Debug|Any CPU
		{C6B92F5E-B3C8-E499-D2D1-F772AD7F1EC8}.Release|Any CPU.ActiveCfg = Release|Any CPU
		{C6B92F5E-B3C8-E499-D2D1-F772AD7F1EC8}.Release|Any CPU.Build.0 = Release|Any CPU
		{B5EF774B-0B62-6156-15FB-7D843286C449}.Debug|Any CPU.ActiveCfg = Debug|Any CPU
		{B5EF774B-0B62-6156-15FB-7D843286C449}.Debug|Any CPU.Build.0 = Debug|Any CPU
		{B5EF774B-0B62-6156-15FB-7D843286C449}.Release|Any CPU.ActiveCfg = Release|Any CPU
		{B5EF774B-0B62-6156-15FB-7D843286C449}.Release|Any CPU.Build.0 = Release|Any CPU
		{AA74FCE2-9001-B1F8-57A8-B94EA39731DF}.Debug|Any CPU.ActiveCfg = Debug|Any CPU
		{AA74FCE2-9001-B1F8-57A8-B94EA39731DF}.Debug|Any CPU.Build.0 = Debug|Any CPU
		{AA74FCE2-9001-B1F8-57A8-B94EA39731DF}.Release|Any CPU.ActiveCfg = Release|Any CPU
		{AA74FCE2-9001-B1F8-57A8-B94EA39731DF}.Release|Any CPU.Build.0 = Release|Any CPU
		{293AF2B7-3829-B9E6-C753-8BDB10B2C657}.Debug|Any CPU.ActiveCfg = Debug|Any CPU
		{293AF2B7-3829-B9E6-C753-8BDB10B2C657}.Debug|Any CPU.Build.0 = Debug|Any CPU
		{293AF2B7-3829-B9E6-C753-8BDB10B2C657}.Release|Any CPU.ActiveCfg = Release|Any CPU
		{293AF2B7-3829-B9E6-C753-8BDB10B2C657}.Release|Any CPU.Build.0 = Release|Any CPU
		{51270D16-4CB5-5913-996A-36349B09EEC0}.Debug|Any CPU.ActiveCfg = Debug|Any CPU
		{51270D16-4CB5-5913-996A-36349B09EEC0}.Debug|Any CPU.Build.0 = Debug|Any CPU
		{51270D16-4CB5-5913-996A-36349B09EEC0}.Release|Any CPU.ActiveCfg = Release|Any CPU
		{51270D16-4CB5-5913-996A-36349B09EEC0}.Release|Any CPU.Build.0 = Release|Any CPU
		{81A0E71A-044A-61FB-B5B6-42E70C3C2615}.Debug|Any CPU.ActiveCfg = Debug|Any CPU
		{81A0E71A-044A-61FB-B5B6-42E70C3C2615}.Debug|Any CPU.Build.0 = Debug|Any CPU
		{81A0E71A-044A-61FB-B5B6-42E70C3C2615}.Release|Any CPU.ActiveCfg = Release|Any CPU
		{81A0E71A-044A-61FB-B5B6-42E70C3C2615}.Release|Any CPU.Build.0 = Release|Any CPU
		{1C0A023D-7CAE-735B-E7AF-040ED3CD1CF4}.Debug|Any CPU.ActiveCfg = Debug|Any CPU
		{1C0A023D-7CAE-735B-E7AF-040ED3CD1CF4}.Debug|Any CPU.Build.0 = Debug|Any CPU
		{1C0A023D-7CAE-735B-E7AF-040ED3CD1CF4}.Release|Any CPU.ActiveCfg = Release|Any CPU
		{1C0A023D-7CAE-735B-E7AF-040ED3CD1CF4}.Release|Any CPU.Build.0 = Release|Any CPU
		{A8343549-47C7-0EBC-0A23-F80A01D13A22}.Debug|Any CPU.ActiveCfg = Debug|Any CPU
		{A8343549-47C7-0EBC-0A23-F80A01D13A22}.Debug|Any CPU.Build.0 = Debug|Any CPU
		{A8343549-47C7-0EBC-0A23-F80A01D13A22}.Release|Any CPU.ActiveCfg = Release|Any CPU
		{A8343549-47C7-0EBC-0A23-F80A01D13A22}.Release|Any CPU.Build.0 = Release|Any CPU
		{39D4DAD4-FD8B-23D9-8FAC-D5558E44005E}.Debug|Any CPU.ActiveCfg = Debug|Any CPU
		{39D4DAD4-FD8B-23D9-8FAC-D5558E44005E}.Debug|Any CPU.Build.0 = Debug|Any CPU
		{39D4DAD4-FD8B-23D9-8FAC-D5558E44005E}.Release|Any CPU.ActiveCfg = Release|Any CPU
		{39D4DAD4-FD8B-23D9-8FAC-D5558E44005E}.Release|Any CPU.Build.0 = Release|Any CPU
		{13C9C07B-B349-F06A-2D89-88E66FE26530}.Debug|Any CPU.ActiveCfg = Debug|Any CPU
		{13C9C07B-B349-F06A-2D89-88E66FE26530}.Debug|Any CPU.Build.0 = Debug|Any CPU
		{13C9C07B-B349-F06A-2D89-88E66FE26530}.Release|Any CPU.ActiveCfg = Release|Any CPU
		{13C9C07B-B349-F06A-2D89-88E66FE26530}.Release|Any CPU.Build.0 = Release|Any CPU
		{32758185-CBBC-8D21-C79C-F7F423C8F0AC}.Debug|Any CPU.ActiveCfg = Debug|Any CPU
		{32758185-CBBC-8D21-C79C-F7F423C8F0AC}.Debug|Any CPU.Build.0 = Debug|Any CPU
		{32758185-CBBC-8D21-C79C-F7F423C8F0AC}.Release|Any CPU.ActiveCfg = Release|Any CPU
		{32758185-CBBC-8D21-C79C-F7F423C8F0AC}.Release|Any CPU.Build.0 = Release|Any CPU
		{B8C2C4E8-72E4-38CF-FDAB-C4B48B209B00}.Debug|Any CPU.ActiveCfg = Debug|Any CPU
		{B8C2C4E8-72E4-38CF-FDAB-C4B48B209B00}.Debug|Any CPU.Build.0 = Debug|Any CPU
		{B8C2C4E8-72E4-38CF-FDAB-C4B48B209B00}.Release|Any CPU.ActiveCfg = Release|Any CPU
		{B8C2C4E8-72E4-38CF-FDAB-C4B48B209B00}.Release|Any CPU.Build.0 = Release|Any CPU
		{52A1E5D8-DBC3-79EB-E442-C5D2F89C9C23}.Debug|Any CPU.ActiveCfg = Debug|Any CPU
		{52A1E5D8-DBC3-79EB-E442-C5D2F89C9C23}.Debug|Any CPU.Build.0 = Debug|Any CPU
		{52A1E5D8-DBC3-79EB-E442-C5D2F89C9C23}.Release|Any CPU.ActiveCfg = Release|Any CPU
		{52A1E5D8-DBC3-79EB-E442-C5D2F89C9C23}.Release|Any CPU.Build.0 = Release|Any CPU
		{96B27ACD-F87C-EA30-30E1-7CA0343CBBDC}.Debug|Any CPU.ActiveCfg = Debug|Any CPU
		{96B27ACD-F87C-EA30-30E1-7CA0343CBBDC}.Debug|Any CPU.Build.0 = Debug|Any CPU
		{96B27ACD-F87C-EA30-30E1-7CA0343CBBDC}.Release|Any CPU.ActiveCfg = Release|Any CPU
		{96B27ACD-F87C-EA30-30E1-7CA0343CBBDC}.Release|Any CPU.Build.0 = Release|Any CPU
		{FCF21DDA-E9C1-DFB6-C749-AAB7354243D0}.Debug|Any CPU.ActiveCfg = Debug|Any CPU
		{FCF21DDA-E9C1-DFB6-C749-AAB7354243D0}.Debug|Any CPU.Build.0 = Debug|Any CPU
		{FCF21DDA-E9C1-DFB6-C749-AAB7354243D0}.Release|Any CPU.ActiveCfg = Release|Any CPU
		{FCF21DDA-E9C1-DFB6-C749-AAB7354243D0}.Release|Any CPU.Build.0 = Release|Any CPU
	EndGlobalSection
	GlobalSection(SolutionProperties) = preSolution
		HideSolutionNode = FALSE
	EndGlobalSection
EndGlobal
